
Microsoft Visual Studio Solution File, Format Version 12.00
Project("{FAE04EC0-301F-11D3-BF4B-00C04F79EFBC}") = "MVCUtilitiesLibrary", "MVCUtilitiesLibrary.csproj", "{73B5CFC6-1EE8-48A8-8DD2-F4A607BA42A5}"
EndProject
Global
	GlobalSection(SolutionConfigurationPlatforms) = preSolution
		Debug|Any CPU = Debug|Any CPU
		Release|Any CPU = Release|Any CPU
	EndGlobalSection
	GlobalSection(ProjectConfigurationPlatforms) = postSolution
		{73B5CFC6-1EE8-48A8-8DD2-F4A607BA42A5}.Debug|Any CPU.ActiveCfg = Debug|Any CPU
		{73B5CFC6-1EE8-48A8-8DD2-F4A607BA42A5}.Debug|Any CPU.Build.0 = Debug|Any CPU
		{73B5CFC6-1EE8-48A8-8DD2-F4A607BA42A5}.Release|Any CPU.ActiveCfg = Release|Any CPU
		{73B5CFC6-1EE8-48A8-8DD2-F4A607BA42A5}.Release|Any CPU.Build.0 = Release|Any CPU
	EndGlobalSection
EndGlobal
